
Microsoft Visual Studio Solution File, Format Version 11.00
# Visual Studio 2010
Project("{FAE04EC0-301F-11D3-BF4B-00C04F79EFBC}") = "MvcApplication1", "MvcApplication1\MvcApplication1.nproj", "{3634CCB8-FBB8-4F5D-BD7A-3767C5EB5832}"
EndProject
Project("{EDCC3B85-0BAD-11DB-BC1A-00112FDE8B61}") = "NemerleRazor", "NemerleRazor\NemerleRazor.nproj", "{DC822897-B8C2-4413-9927-88D25BEAFA77}"
EndProject
Project("{EDCC3B85-0BAD-11DB-BC1A-00112FDE8B61}") = "NemerleRazorMvc", "NemerleRazorMvc\NemerleRazorMvc.nproj", "{4368D7C6-8209-4996-AEFE-4034F4CB7600}"
EndProject
Global
	GlobalSection(SolutionConfigurationPlatforms) = preSolution
		Debug|Any CPU = Debug|Any CPU
		Release|Any CPU = Release|Any CPU
	EndGlobalSection
	GlobalSection(ProjectConfigurationPlatforms) = postSolution
		{3634CCB8-FBB8-4F5D-BD7A-3767C5EB5832}.Debug|Any CPU.ActiveCfg = Debug|Any CPU
		{3634CCB8-FBB8-4F5D-BD7A-3767C5EB5832}.Debug|Any CPU.Build.0 = Debug|Any CPU
		{3634CCB8-FBB8-4F5D-BD7A-3767C5EB5832}.Release|Any CPU.ActiveCfg = Release|Any CPU
		{3634CCB8-FBB8-4F5D-BD7A-3767C5EB5832}.Release|Any CPU.Build.0 = Release|Any CPU
		{DC822897-B8C2-4413-9927-88D25BEAFA77}.Debug|Any CPU.ActiveCfg = Debug|Any CPU
		{DC822897-B8C2-4413-9927-88D25BEAFA77}.Debug|Any CPU.Build.0 = Debug|Any CPU
		{DC822897-B8C2-4413-9927-88D25BEAFA77}.Release|Any CPU.ActiveCfg = Release|Any CPU
		{DC822897-B8C2-4413-9927-88D25BEAFA77}.Release|Any CPU.Build.0 = Release|Any CPU
		{4368D7C6-8209-4996-AEFE-4034F4CB7600}.Debug|Any CPU.ActiveCfg = Debug|Any CPU
		{4368D7C6-8209-4996-AEFE-4034F4CB7600}.Debug|Any CPU.Build.0 = Debug|Any CPU
		{4368D7C6-8209-4996-AEFE-4034F4CB7600}.Release|Any CPU.ActiveCfg = Release|Any CPU
		{4368D7C6-8209-4996-AEFE-4034F4CB7600}.Release|Any CPU.Build.0 = Release|Any CPU
	EndGlobalSection
	GlobalSection(SolutionProperties) = preSolution
		HideSolutionNode = FALSE
	EndGlobalSection
EndGlobal
